
Microsoft Visual Studio Solution File, Format Version 12.00
# Visual Studio Version 17
VisualStudioVersion = 17.2.32602.215
MinimumVisualStudioVersion = 10.0.40219.1
Project("{FAE04EC0-301F-11D3-BF4B-00C04F79EFBC}") = "firstpage", "firstpage\firstpage.csproj", "{67CC2B25-5987-48F0-B970-8C44C0807372}"
EndProject
Global
	GlobalSection(SolutionConfigurationPlatforms) = preSolution
		Debug|Any CPU = Debug|Any CPU
		Release|Any CPU = Release|Any CPU
	EndGlobalSection
	GlobalSection(ProjectConfigurationPlatforms) = postSolution
		{67CC2B25-5987-48F0-B970-8C44C0807372}.Debug|Any CPU.ActiveCfg = Debug|Any CPU
		{67CC2B25-5987-48F0-B970-8C44C0807372}.Debug|Any CPU.Build.0 = Debug|Any CPU
		{67CC2B25-5987-48F0-B970-8C44C0807372}.Release|Any CPU.ActiveCfg = Release|Any CPU
		{67CC2B25-5987-48F0-B970-8C44C0807372}.Release|Any CPU.Build.0 = Release|Any CPU
	EndGlobalSection
	GlobalSection(SolutionProperties) = preSolution
		HideSolutionNode = FALSE
	EndGlobalSection
	GlobalSection(ExtensibilityGlobals) = postSolution
		SolutionGuid = {6340A7BE-AFB2-42B2-8F0D-AAD1C4191E61}
	EndGlobalSection
EndGlobal
